
Microsoft Visual Studio Solution File, Format Version 12.00
Project("{FAE04EC0-301F-11D3-BF4B-00C04F79EFBC}") = "Gamezure.VmPoolManager", "application\Gamezure.VmPoolManager\Gamezure.VmPoolManager.csproj", "{EB39C25D-3BB3-456E-8E34-F1DB0E9C56C7}"
EndProject
Global
	GlobalSection(SolutionConfigurationPlatforms) = preSolution
		Debug|Any CPU = Debug|Any CPU
		Release|Any CPU = Release|Any CPU
	EndGlobalSection
	GlobalSection(ProjectConfigurationPlatforms) = postSolution
		{EB39C25D-3BB3-456E-8E34-F1DB0E9C56C7}.Debug|Any CPU.ActiveCfg = Debug|Any CPU
		{EB39C25D-3BB3-456E-8E34-F1DB0E9C56C7}.Debug|Any CPU.Build.0 = Debug|Any CPU
		{EB39C25D-3BB3-456E-8E34-F1DB0E9C56C7}.Release|Any CPU.ActiveCfg = Release|Any CPU
		{EB39C25D-3BB3-456E-8E34-F1DB0E9C56C7}.Release|Any CPU.Build.0 = Release|Any CPU
	EndGlobalSection
EndGlobal
